
Microsoft Visual Studio Solution File, Format Version 12.00
# Visual Studio 15
VisualStudioVersion = 15.0.26124.0
MinimumVisualStudioVersion = 15.0.26124.0
Project("{FAE04EC0-301F-11D3-BF4B-00C04F79EFBC}") = "AuditlogService", "AuditlogService\AuditlogService.csproj", "{E57A80C2-6253-4170-9EDA-D4370D1B4AE1}"
EndProject
Project("{FAE04EC0-301F-11D3-BF4B-00C04F79EFBC}") = "CustomerManagementAPI", "CustomerManagementAPI\CustomerManagementAPI.csproj", "{5F441565-F940-4D65-8A28-D925A7C1922E}"
EndProject
Project("{FAE04EC0-301F-11D3-BF4B-00C04F79EFBC}") = "Infrastructure.Messaging", "Infrastructure.Messaging\Infrastructure.Messaging.csproj", "{EF50FA1B-DE63-49CD-B37A-543510C5195E}"
EndProject
Project("{FAE04EC0-301F-11D3-BF4B-00C04F79EFBC}") = "InvoiceService", "InvoiceService\InvoiceService.csproj", "{BBA6B73F-9D35-45C9-B971-7343BDE97F2F}"
EndProject
Project("{FAE04EC0-301F-11D3-BF4B-00C04F79EFBC}") = "NotificationService", "NotificationService\NotificationService.csproj", "{5F9D44F0-354E-4F77-9425-2239BCFEE167}"
EndProject
Project("{FAE04EC0-301F-11D3-BF4B-00C04F79EFBC}") = "TestUtils", "TestUtils\TestUtils.csproj", "{87DFC58B-E3B2-405B-AE5C-B5EE2ED78C2F}"
EndProject
Project("{FAE04EC0-301F-11D3-BF4B-00C04F79EFBC}") = "TimeService", "TimeService\TimeService.csproj", "{F00E415B-8660-4A87-945B-2CC89F83A7EC}"
EndProject
Project("{FAE04EC0-301F-11D3-BF4B-00C04F79EFBC}") = "UITest", "UITest\UITest.csproj", "{5D1E2870-AFB5-4858-99E9-3EF9CCD8EA3F}"
EndProject
Project("{FAE04EC0-301F-11D3-BF4B-00C04F79EFBC}") = "VehicleManagementAPI", "VehicleManagementAPI\VehicleManagementAPI.csproj", "{9DC6F296-8EFC-4941-88C7-9BFC95DA8A0F}"
EndProject
Project("{FAE04EC0-301F-11D3-BF4B-00C04F79EFBC}") = "WebApp", "WebApp\WebApp.csproj", "{668F24DA-0399-4ED3-AB60-C53BD4E3F991}"
EndProject
Project("{FAE04EC0-301F-11D3-BF4B-00C04F79EFBC}") = "WorkshopManagement.UnitTests", "WorkshopManagement.UnitTests\WorkshopManagement.UnitTests.csproj", "{F7DD1266-6D5D-456B-8E3A-235DFF72264F}"
EndProject
Project("{FAE04EC0-301F-11D3-BF4B-00C04F79EFBC}") = "WorkshopManagementAPI", "WorkshopManagementAPI\WorkshopManagementAPI.csproj", "{6DF1589D-D34F-4CFC-866E-E83C80BF2347}"
EndProject
Project("{FAE04EC0-301F-11D3-BF4B-00C04F79EFBC}") = "WorkshopManagementEventHandler", "WorkshopManagementEventHandler\WorkshopManagementEventHandler.csproj", "{8397AEC2-6688-489D-9BBA-89C28FF1809B}"
EndProject
Global
	GlobalSection(SolutionConfigurationPlatforms) = preSolution
		Debug|Any CPU = Debug|Any CPU
		Debug|x64 = Debug|x64
		Debug|x86 = Debug|x86
		Release|Any CPU = Release|Any CPU
		Release|x64 = Release|x64
		Release|x86 = Release|x86
	EndGlobalSection
	GlobalSection(SolutionProperties) = preSolution
		HideSolutionNode = FALSE
	EndGlobalSection
	GlobalSection(ProjectConfigurationPlatforms) = postSolution
		{E57A80C2-6253-4170-9EDA-D4370D1B4AE1}.Debug|Any CPU.ActiveCfg = Debug|Any CPU
		{E57A80C2-6253-4170-9EDA-D4370D1B4AE1}.Debug|Any CPU.Build.0 = Debug|Any CPU
		{E57A80C2-6253-4170-9EDA-D4370D1B4AE1}.Debug|x64.ActiveCfg = Debug|Any CPU
		{E57A80C2-6253-4170-9EDA-D4370D1B4AE1}.Debug|x64.Build.0 = Debug|Any CPU
		{E57A80C2-6253-4170-9EDA-D4370D1B4AE1}.Debug|x86.ActiveCfg = Debug|Any CPU
		{E57A80C2-6253-4170-9EDA-D4370D1B4AE1}.Debug|x86.Build.0 = Debug|Any CPU
		{E57A80C2-6253-4170-9EDA-D4370D1B4AE1}.Release|Any CPU.ActiveCfg = Release|Any CPU
		{E57A80C2-6253-4170-9EDA-D4370D1B4AE1}.Release|Any CPU.Build.0 = Release|Any CPU
		{E57A80C2-6253-4170-9EDA-D4370D1B4AE1}.Release|x64.ActiveCfg = Release|Any CPU
		{E57A80C2-6253-4170-9EDA-D4370D1B4AE1}.Release|x64.Build.0 = Release|Any CPU
		{E57A80C2-6253-4170-9EDA-D4370D1B4AE1}.Release|x86.ActiveCfg = Release|Any CPU
		{E57A80C2-6253-4170-9EDA-D4370D1B4AE1}.Release|x86.Build.0 = Release|Any CPU
		{5F441565-F940-4D65-8A28-D925A7C1922E}.Debug|Any CPU.ActiveCfg = Debug|Any CPU
		{5F441565-F940-4D65-8A28-D925A7C1922E}.Debug|Any CPU.Build.0 = Debug|Any CPU
		{5F441565-F940-4D65-8A28-D925A7C1922E}.Debug|x64.ActiveCfg = Debug|Any CPU
		{5F441565-F940-4D65-8A28-D925A7C1922E}.Debug|x64.Build.0 = Debug|Any CPU
		{5F441565-F940-4D65-8A28-D925A7C1922E}.Debug|x86.ActiveCfg = Debug|Any CPU
		{5F441565-F940-4D65-8A28-D925A7C1922E}.Debug|x86.Build.0 = Debug|Any CPU
		{5F441565-F940-4D65-8A28-D925A7C1922E}.Release|Any CPU.ActiveCfg = Release|Any CPU
		{5F441565-F940-4D65-8A28-D925A7C1922E}.Release|Any CPU.Build.0 = Release|Any CPU
		{5F441565-F940-4D65-8A28-D925A7C1922E}.Release|x64.ActiveCfg = Release|Any CPU
		{5F441565-F940-4D65-8A28-D925A7C1922E}.Release|x64.Build.0 = Release|Any CPU
		{5F441565-F940-4D65-8A28-D925A7C1922E}.Release|x86.ActiveCfg = Release|Any CPU
		{5F441565-F940-4D65-8A28-D925A7C1922E}.Release|x86.Build.0 = Release|Any CPU
		{EF50FA1B-DE63-49CD-B37A-543510C5195E}.Debug|Any CPU.ActiveCfg = Debug|Any CPU
		{EF50FA1B-DE63-49CD-B37A-543510C5195E}.Debug|Any CPU.Build.0 = Debug|Any CPU
		{EF50FA1B-DE63-49CD-B37A-543510C5195E}.Debug|x64.ActiveCfg = Debug|Any CPU
		{EF50FA1B-DE63-49CD-B37A-543510C5195E}.Debug|x64.Build.0 = Debug|Any CPU
		{EF50FA1B-DE63-49CD-B37A-543510C5195E}.Debug|x86.ActiveCfg = Debug|Any CPU
		{EF50FA1B-DE63-49CD-B37A-543510C5195E}.Debug|x86.Build.0 = Debug|Any CPU
		{EF50FA1B-DE63-49CD-B37A-543510C5195E}.Release|Any CPU.ActiveCfg = Release|Any CPU
		{EF50FA1B-DE63-49CD-B37A-543510C5195E}.Release|Any CPU.Build.0 = Release|Any CPU
		{EF50FA1B-DE63-49CD-B37A-543510C5195E}.Release|x64.ActiveCfg = Release|Any CPU
		{EF50FA1B-DE63-49CD-B37A-543510C5195E}.Release|x64.Build.0 = Release|Any CPU
		{EF50FA1B-DE63-49CD-B37A-543510C5195E}.Release|x86.ActiveCfg = Release|Any CPU
		{EF50FA1B-DE63-49CD-B37A-543510C5195E}.Release|x86.Build.0 = Release|Any CPU
		{BBA6B73F-9D35-45C9-B971-7343BDE97F2F}.Debug|Any CPU.ActiveCfg = Debug|Any CPU
		{BBA6B73F-9D35-45C9-B971-7343BDE97F2F}.Debug|Any CPU.Build.0 = Debug|Any CPU
		{BBA6B73F-9D35-45C9-B971-7343BDE97F2F}.Debug|x64.ActiveCfg = Debug|Any CPU
		{BBA6B73F-9D35-45C9-B971-7343BDE97F2F}.Debug|x64.Build.0 = Debug|Any CPU
		{BBA6B73F-9D35-45C9-B971-7343BDE97F2F}.Debug|x86.ActiveCfg = Debug|Any CPU
		{BBA6B73F-9D35-45C9-B971-7343BDE97F2F}.Debug|x86.Build.0 = Debug|Any CPU
		{BBA6B73F-9D35-45C9-B971-7343BDE97F2F}.Release|Any CPU.ActiveCfg = Release|Any CPU
		{BBA6B73F-9D35-45C9-B971-7343BDE97F2F}.Release|Any CPU.Build.0 = Release|Any CPU
		{BBA6B73F-9D35-45C9-B971-7343BDE97F2F}.Release|x64.ActiveCfg = Release|Any CPU
		{BBA6B73F-9D35-45C9-B971-7343BDE97F2F}.Release|x64.Build.0 = Release|Any CPU
		{BBA6B73F-9D35-45C9-B971-7343BDE97F2F}.Release|x86.ActiveCfg = Release|Any CPU
		{BBA6B73F-9D35-45C9-B971-7343BDE97F2F}.Release|x86.Build.0 = Release|Any CPU
		{5F9D44F0-354E-4F77-9425-2239BCFEE167}.Debug|Any CPU.ActiveCfg = Debug|Any CPU
		{5F9D44F0-354E-4F77-9425-2239BCFEE167}.Debug|Any CPU.Build.0 = Debug|Any CPU
		{5F9D44F0-354E-4F77-9425-2239BCFEE167}.Debug|x64.ActiveCfg = Debug|Any CPU
		{5F9D44F0-354E-4F77-9425-2239BCFEE167}.Debug|x64.Build.0 = Debug|Any CPU
		{5F9D44F0-354E-4F77-9425-2239BCFEE167}.Debug|x86.ActiveCfg = Debug|Any CPU
		{5F9D44F0-354E-4F77-9425-2239BCFEE167}.Debug|x86.Build.0 = Debug|Any CPU
		{5F9D44F0-354E-4F77-9425-2239BCFEE167}.Release|Any CPU.ActiveCfg = Release|Any CPU
		{5F9D44F0-354E-4F77-9425-2239BCFEE167}.Release|Any CPU.Build.0 = Release|Any CPU
		{5F9D44F0-354E-4F77-9425-2239BCFEE167}.Release|x64.ActiveCfg = Release|Any CPU
		{5F9D44F0-354E-4F77-9425-2239BCFEE167}.Release|x64.Build.0 = Release|Any CPU
		{5F9D44F0-354E-4F77-9425-2239BCFEE167}.Release|x86.ActiveCfg = Release|Any CPU
		{5F9D44F0-354E-4F77-9425-2239BCFEE167}.Release|x86.Build.0 = Release|Any CPU
		{87DFC58B-E3B2-405B-AE5C-B5EE2ED78C2F}.Debug|Any CPU.ActiveCfg = Debug|Any CPU
		{87DFC58B-E3B2-405B-AE5C-B5EE2ED78C2F}.Debug|Any CPU.Build.0 = Debug|Any CPU
		{87DFC58B-E3B2-405B-AE5C-B5EE2ED78C2F}.Debug|x64.ActiveCfg = Debug|Any CPU
		{87DFC58B-E3B2-405B-AE5C-B5EE2ED78C2F}.Debug|x64.Build.0 = Debug|Any CPU
		{87DFC58B-E3B2-405B-AE5C-B5EE2ED78C2F}.Debug|x86.ActiveCfg = Debug|Any CPU
		{87DFC58B-E3B2-405B-AE5C-B5EE2ED78C2F}.Debug|x86.Build.0 = Debug|Any CPU
		{87DFC58B-E3B2-405B-AE5C-B5EE2ED78C2F}.Release|Any CPU.ActiveCfg = Release|Any CPU
		{87DFC58B-E3B2-405B-AE5C-B5EE2ED78C2F}.Release|Any CPU.Build.0 = Release|Any CPU
		{87DFC58B-E3B2-405B-AE5C-B5EE2ED78C2F}.Release|x64.ActiveCfg = Release|Any CPU
		{87DFC58B-E3B2-405B-AE5C-B5EE2ED78C2F}.Release|x64.Build.0 = Release|Any CPU
		{87DFC58B-E3B2-405B-AE5C-B5EE2ED78C2F}.Release|x86.ActiveCfg = Release|Any CPU
		{87DFC58B-E3B2-405B-AE5C-B5EE2ED78C2F}.Release|x86.Build.0 = Release|Any CPU
		{F00E415B-8660-4A87-945B-2CC89F83A7EC}.Debug|Any CPU.ActiveCfg = Debug|Any CPU
		{F00E415B-8660-4A87-945B-2CC89F83A7EC}.Debug|Any CPU.Build.0 = Debug|Any CPU
		{F00E415B-8660-4A87-945B-2CC89F83A7EC}.Debug|x64.ActiveCfg = Debug|Any CPU
		{F00E415B-8660-4A87-945B-2CC89F83A7EC}.Debug|x64.Build.0 = Debug|Any CPU
		{F00E415B-8660-4A87-945B-2CC89F83A7EC}.Debug|x86.ActiveCfg = Debug|Any CPU
		{F00E415B-8660-4A87-945B-2CC89F83A7EC}.Debug|x86.Build.0 = Debug|Any CPU
		{F00E415B-8660-4A87-945B-2CC89F83A7EC}.Release|Any CPU.ActiveCfg = Release|Any CPU
		{F00E415B-8660-4A87-945B-2CC89F83A7EC}.Release|Any CPU.Build.0 = Release|Any CPU
		{F00E415B-8660-4A87-945B-2CC89F83A7EC}.Release|x64.ActiveCfg = Release|Any CPU
		{F00E415B-8660-4A87-945B-2CC89F83A7EC}.Release|x64.Build.0 = Release|Any CPU
		{F00E415B-8660-4A87-945B-2CC89F83A7EC}.Release|x86.ActiveCfg = Release|Any CPU
		{F00E415B-8660-4A87-945B-2CC89F83A7EC}.Release|x86.Build.0 = Release|Any CPU
		{5D1E2870-AFB5-4858-99E9-3EF9CCD8EA3F}.Debug|Any CPU.ActiveCfg = Debug|Any CPU
		{5D1E2870-AFB5-4858-99E9-3EF9CCD8EA3F}.Debug|Any CPU.Build.0 = Debug|Any CPU
		{5D1E2870-AFB5-4858-99E9-3EF9CCD8EA3F}.Debug|x64.ActiveCfg = Debug|Any CPU
		{5D1E2870-AFB5-4858-99E9-3EF9CCD8EA3F}.Debug|x64.Build.0 = Debug|Any CPU
		{5D1E2870-AFB5-4858-99E9-3EF9CCD8EA3F}.Debug|x86.ActiveCfg = Debug|Any CPU
		{5D1E2870-AFB5-4858-99E9-3EF9CCD8EA3F}.Debug|x86.Build.0 = Debug|Any CPU
		{5D1E2870-AFB5-4858-99E9-3EF9CCD8EA3F}.Release|Any CPU.ActiveCfg = Release|Any CPU
		{5D1E2870-AFB5-4858-99E9-3EF9CCD8EA3F}.Release|Any CPU.Build.0 = Release|Any CPU
		{5D1E2870-AFB5-4858-99E9-3EF9CCD8EA3F}.Release|x64.ActiveCfg = Release|Any CPU
		{5D1E2870-AFB5-4858-99E9-3EF9CCD8EA3F}.Release|x64.Build.0 = Release|Any CPU
		{5D1E2870-AFB5-4858-99E9-3EF9CCD8EA3F}.Release|x86.ActiveCfg = Release|Any CPU
		{5D1E2870-AFB5-4858-99E9-3EF9CCD8EA3F}.Release|x86.Build.0 = Release|Any CPU
		{9DC6F296-8EFC-4941-88C7-9BFC95DA8A0F}.Debug|Any CPU.ActiveCfg = Debug|Any CPU
		{9DC6F296-8EFC-4941-88C7-9BFC95DA8A0F}.Debug|Any CPU.Build.0 = Debug|Any CPU
		{9DC6F296-8EFC-4941-88C7-9BFC95DA8A0F}.Debug|x64.ActiveCfg = Debug|Any CPU
		{9DC6F296-8EFC-4941-88C7-9BFC95DA8A0F}.Debug|x64.Build.0 = Debug|Any CPU
		{9DC6F296-8EFC-4941-88C7-9BFC95DA8A0F}.Debug|x86.ActiveCfg = Debug|Any CPU
		{9DC6F296-8EFC-4941-88C7-9BFC95DA8A0F}.Debug|x86.Build.0 = Debug|Any CPU
		{9DC6F296-8EFC-4941-88C7-9BFC95DA8A0F}.Release|Any CPU.ActiveCfg = Release|Any CPU
		{9DC6F296-8EFC-4941-88C7-9BFC95DA8A0F}.Release|Any CPU.Build.0 = Release|Any CPU
		{9DC6F296-8EFC-4941-88C7-9BFC95DA8A0F}.Release|x64.ActiveCfg = Release|Any CPU
		{9DC6F296-8EFC-4941-88C7-9BFC95DA8A0F}.Release|x64.Build.0 = Release|Any CPU
		{9DC6F296-8EFC-4941-88C7-9BFC95DA8A0F}.Release|x86.ActiveCfg = Release|Any CPU
		{9DC6F296-8EFC-4941-88C7-9BFC95DA8A0F}.Release|x86.Build.0 = Release|Any CPU
		{668F24DA-0399-4ED3-AB60-C53BD4E3F991}.Debug|Any CPU.ActiveCfg = Debug|Any CPU
		{668F24DA-0399-4ED3-AB60-C53BD4E3F991}.Debug|Any CPU.Build.0 = Debug|Any CPU
		{668F24DA-0399-4ED3-AB60-C53BD4E3F991}.Debug|x64.ActiveCfg = Debug|Any CPU
		{668F24DA-0399-4ED3-AB60-C53BD4E3F991}.Debug|x64.Build.0 = Debug|Any CPU
		{668F24DA-0399-4ED3-AB60-C53BD4E3F991}.Debug|x86.ActiveCfg = Debug|Any CPU
		{668F24DA-0399-4ED3-AB60-C53BD4E3F991}.Debug|x86.Build.0 = Debug|Any CPU
		{668F24DA-0399-4ED3-AB60-C53BD4E3F991}.Release|Any CPU.ActiveCfg = Release|Any CPU
		{668F24DA-0399-4ED3-AB60-C53BD4E3F991}.Release|Any CPU.Build.0 = Release|Any CPU
		{668F24DA-0399-4ED3-AB60-C53BD4E3F991}.Release|x64.ActiveCfg = Release|Any CPU
		{668F24DA-0399-4ED3-AB60-C53BD4E3F991}.Release|x64.Build.0 = Release|Any CPU
		{668F24DA-0399-4ED3-AB60-C53BD4E3F991}.Release|x86.ActiveCfg = Release|Any CPU
		{668F24DA-0399-4ED3-AB60-C53BD4E3F991}.Release|x86.Build.0 = Release|Any CPU
		{F7DD1266-6D5D-456B-8E3A-235DFF72264F}.Debug|Any CPU.ActiveCfg = Debug|Any CPU
		{F7DD1266-6D5D-456B-8E3A-235DFF72264F}.Debug|Any CPU.Build.0 = Debug|Any CPU
		{F7DD1266-6D5D-456B-8E3A-235DFF72264F}.Debug|x64.ActiveCfg = Debug|Any CPU
		{F7DD1266-6D5D-456B-8E3A-235DFF72264F}.Debug|x64.Build.0 = Debug|Any CPU
		{F7DD1266-6D5D-456B-8E3A-235DFF72264F}.Debug|x86.ActiveCfg = Debug|Any CPU
		{F7DD1266-6D5D-456B-8E3A-235DFF72264F}.Debug|x86.Build.0 = Debug|Any CPU
		{F7DD1266-6D5D-456B-8E3A-235DFF72264F}.Release|Any CPU.ActiveCfg = Release|Any CPU
		{F7DD1266-6D5D-456B-8E3A-235DFF72264F}.Release|Any CPU.Build.0 = Release|Any CPU
		{F7DD1266-6D5D-456B-8E3A-235DFF72264F}.Release|x64.ActiveCfg = Release|Any CPU
		{F7DD1266-6D5D-456B-8E3A-235DFF72264F}.Release|x64.Build.0 = Release|Any CPU
		{F7DD1266-6D5D-456B-8E3A-235DFF72264F}.Release|x86.ActiveCfg = Release|Any CPU
		{F7DD1266-6D5D-456B-8E3A-235DFF72264F}.Release|x86.Build.0 = Release|Any CPU
		{6DF1589D-D34F-4CFC-866E-E83C80BF2347}.Debug|Any CPU.ActiveCfg = Debug|Any CPU
		{6DF1589D-D34F-4CFC-866E-E83C80BF2347}.Debug|Any CPU.Build.0 = Debug|Any CPU
		{6DF1589D-D34F-4CFC-866E-E83C80BF2347}.Debug|x64.ActiveCfg = Debug|Any CPU
		{6DF1589D-D34F-4CFC-866E-E83C80BF2347}.Debug|x64.Build.0 = Debug|Any CPU
		{6DF1589D-D34F-4CFC-866E-E83C80BF2347}.Debug|x86.ActiveCfg = Debug|Any CPU
		{6DF1589D-D34F-4CFC-866E-E83C80BF2347}.Debug|x86.Build.0 = Debug|Any CPU
		{6DF1589D-D34F-4CFC-866E-E83C80BF2347}.Release|Any CPU.ActiveCfg = Release|Any CPU
		{6DF1589D-D34F-4CFC-866E-E83C80BF2347}.Release|Any CPU.Build.0 = Release|Any CPU
		{6DF1589D-D34F-4CFC-866E-E83C80BF2347}.Release|x64.ActiveCfg = Release|Any CPU
		{6DF1589D-D34F-4CFC-866E-E83C80BF2347}.Release|x64.Build.0 = Release|Any CPU
		{6DF1589D-D34F-4CFC-866E-E83C80BF2347}.Release|x86.ActiveCfg = Release|Any CPU
		{6DF1589D-D34F-4CFC-866E-E83C80BF2347}.Release|x86.Build.0 = Release|Any CPU
		{8397AEC2-6688-489D-9BBA-89C28FF1809B}.Debug|Any CPU.ActiveCfg = Debug|Any CPU
		{8397AEC2-6688-489D-9BBA-89C28FF1809B}.Debug|Any CPU.Build.0 = Debug|Any CPU
		{8397AEC2-6688-489D-9BBA-89C28FF1809B}.Debug|x64.ActiveCfg = Debug|Any CPU
		{8397AEC2-6688-489D-9BBA-89C28FF1809B}.Debug|x64.Build.0 = Debug|Any CPU
		{8397AEC2-6688-489D-9BBA-89C28FF1809B}.Debug|x86.ActiveCfg = Debug|Any CPU
		{8397AEC2-6688-489D-9BBA-89C28FF1809B}.Debug|x86.Build.0 = Debug|Any CPU
		{8397AEC2-6688-489D-9BBA-89C28FF1809B}.Release|Any CPU.ActiveCfg = Release|Any CPU
		{8397AEC2-6688-489D-9BBA-89C28FF1809B}.Release|Any CPU.Build.0 = Release|Any CPU
		{8397AEC2-6688-489D-9BBA-89C28FF1809B}.Release|x64.ActiveCfg = Release|Any CPU
		{8397AEC2-6688-489D-9BBA-89C28FF1809B}.Release|x64.Build.0 = Release|Any CPU
		{8397AEC2-6688-489D-9BBA-89C28FF1809B}.Release|x86.ActiveCfg = Release|Any CPU
		{8397AEC2-6688-489D-9BBA-89C28FF1809B}.Release|x86.Build.0 = Release|Any CPU
	EndGlobalSection
EndGlobal
